
Microsoft Visual Studio Solution File, Format Version 12.00
# Visual Studio Version 16
VisualStudioVersion = 16.0.29509.3
MinimumVisualStudioVersion = 10.0.40219.1
Project("{FAE04EC0-301F-11D3-BF4B-00C04F79EFBC}") = "ubs", "ubs\ubs.csproj", "{08FD5306-40F7-4C49-9B85-6DC6D73CB2D2}"
EndProject
Global
	GlobalSection(SolutionConfigurationPlatforms) = preSolution
		Debug|Any CPU = Debug|Any CPU
		Release|Any CPU = Release|Any CPU
	EndGlobalSection
	GlobalSection(ProjectConfigurationPlatforms) = postSolution
		{08FD5306-40F7-4C49-9B85-6DC6D73CB2D2}.Debug|Any CPU.ActiveCfg = Debug|Any CPU
		{08FD5306-40F7-4C49-9B85-6DC6D73CB2D2}.Debug|Any CPU.Build.0 = Debug|Any CPU
		{08FD5306-40F7-4C49-9B85-6DC6D73CB2D2}.Release|Any CPU.ActiveCfg = Release|Any CPU
		{08FD5306-40F7-4C49-9B85-6DC6D73CB2D2}.Release|Any CPU.Build.0 = Release|Any CPU
	EndGlobalSection
	GlobalSection(SolutionProperties) = preSolution
		HideSolutionNode = FALSE
	EndGlobalSection
	GlobalSection(ExtensibilityGlobals) = postSolution
		SolutionGuid = {D25759A4-28E2-4335-8DBC-0B94BCE090BB}
	EndGlobalSection
EndGlobal
